
Microsoft Visual Studio Solution File, Format Version 12.00
# Visual Studio Version 17
VisualStudioVersion = 17.13.35931.197
MinimumVisualStudioVersion = 10.0.40219.1
Project("{FAE04EC0-301F-11D3-BF4B-00C04F79EFBC}") = "tkacheva_lr2", "tkacheva_lr2.csproj", "{AA90C3F7-ACF7-42A0-B5E2-1B7220E6CF6B}"
EndProject
Global
	GlobalSection(SolutionConfigurationPlatforms) = preSolution
		Debug|Any CPU = Debug|Any CPU
		Release|Any CPU = Release|Any CPU
	EndGlobalSection
	GlobalSection(ProjectConfigurationPlatforms) = postSolution
		{AA90C3F7-ACF7-42A0-B5E2-1B7220E6CF6B}.Debug|Any CPU.ActiveCfg = Debug|Any CPU
		{AA90C3F7-ACF7-42A0-B5E2-1B7220E6CF6B}.Debug|Any CPU.Build.0 = Debug|Any CPU
		{AA90C3F7-ACF7-42A0-B5E2-1B7220E6CF6B}.Release|Any CPU.ActiveCfg = Release|Any CPU
		{AA90C3F7-ACF7-42A0-B5E2-1B7220E6CF6B}.Release|Any CPU.Build.0 = Release|Any CPU
	EndGlobalSection
	GlobalSection(SolutionProperties) = preSolution
		HideSolutionNode = FALSE
	EndGlobalSection
	GlobalSection(ExtensibilityGlobals) = postSolution
		SolutionGuid = {6D3D17F3-3C0D-4CAD-B460-7675DAEED094}
	EndGlobalSection
EndGlobal
